// !$*UTF8*$!
{
	archiveVersion = 1;
	classes = {
	};
	objectVersion = 46;
	objects = {

/* Begin PBXBuildFile section */
		F0CF1EE31EC3AC6A00C9DD6E /* AppDelegate.swift in Sources */ = {isa = PBXBuildFile; fileRef = F0CF1EE21EC3AC6A00C9DD6E /* AppDelegate.swift */; };
		F0CF1EE51EC3AC6A00C9DD6E /* ViewController.swift in Sources */ = {isa = PBXBuildFile; fileRef = F0CF1EE41EC3AC6A00C9DD6E /* ViewController.swift */; };
		F0CF1EE81EC3AC6A00C9DD6E /* Main.storyboard in Resources */ = {isa = PBXBuildFile; fileRef = F0CF1EE61EC3AC6A00C9DD6E /* Main.storyboard */; };
		F0CF1EEA1EC3AC6A00C9DD6E /* Assets.xcassets in Resources */ = {isa = PBXBuildFile; fileRef = F0CF1EE91EC3AC6A00C9DD6E /* Assets.xcassets */; };
		F0CF1EED1EC3AC6A00C9DD6E /* LaunchScreen.storyboard in Resources */ = {isa = PBXBuildFile; fileRef = F0CF1EEB1EC3AC6A00C9DD6E /* LaunchScreen.storyboard */; };
/* End PBXBuildFile section */

/* Begin PBXFileReference section */
		F0CF1EDF1EC3AC6A00C9DD6E /* Swift App.app */ = {isa = PBXFileReference; explicitFileType = wrapper.application; includeInIndex = 0; path = "Swift App.app"; sourceTree = BUILT_PRODUCTS_DIR; };
		F0CF1EE21EC3AC6A00C9DD6E /* AppDelegate.swift */ = {isa = PBXFileReference; lastKnownFileType = sourcecode.swift; path = AppDelegate.swift; sourceTree = "<group>"; };
		F0CF1EE41EC3AC6A00C9DD6E /* ViewController.swift */ = {isa = PBXFileReference; lastKnownFileType = sourcecode.swift; path = ViewController.swift; sourceTree = "<group>"; };
		F0CF1EE71EC3AC6A00C9DD6E /* Base */ = {isa = PBXFileReference; lastKnownFileType = file.storyboard; name = Base; path = Base.lproj/Main.storyboard; sourceTree = "<group>"; };
		F0CF1EE91EC3AC6A00C9DD6E /* Assets.xcassets */ = {isa = PBXFileReference; lastKnownFileType = folder.assetcatalog; path = Assets.xcassets; sourceTree = "<group>"; };
		F0CF1EEC1EC3AC6A00C9DD6E /* Base */ = {isa = PBXFileReference; lastKnownFileType = file.storyboard; name = Base; path = Base.lproj/LaunchScreen.storyboard; sourceTree = "<group>"; };
		F0CF1EEE1EC3AC6A00C9DD6E /* Info.plist */ = {isa = PBXFileReference; lastKnownFileType = text.plist.xml; path = Info.plist; sourceTree = "<group>"; };
/* End PBXFileReference section */

/* Begin PBXFrameworksBuildPhase section */
		F0CF1EDC1EC3AC6A00C9DD6E /* Frameworks */ = {
			isa = PBXFrameworksBuildPhase;
			buildActionMask = 2147483647;
			files = (
			);
			runOnlyForDeploymentPostprocessing = 0;
		};
/* End PBXFrameworksBuildPhase section */

/* Begin PBXGroup section */
		F0CF1ED61EC3AC6A00C9DD6E = {
			isa = PBXGroup;
			children = (
				F0CF1EE11EC3AC6A00C9DD6E /* Swift App */,
				F0CF1EE01EC3AC6A00C9DD6E /* Products */,
			);
			sourceTree = "<group>";
		};
		F0CF1EE01EC3AC6A00C9DD6E /* Products */ = {
			isa = PBXGroup;
			children = (
				F0CF1EDF1EC3AC6A00C9DD6E /* Swift App.app */,
			);
			name = Products;
			sourceTree = "<group>";
		};
		F0CF1EE11EC3AC6A00C9DD6E /* Swift App */ = {
			isa = PBXGroup;
			children = (
				F0CF1EE21EC3AC6A00C9DD6E /* AppDelegate.swift */,
				F0CF1EE41EC3AC6A00C9DD6E /* ViewController.swift */,
				F0CF1EE61EC3AC6A00C9DD6E /* Main.storyboard */,
				F0CF1EE91EC3AC6A00C9DD6E /* Assets.xcassets */,
				F0CF1EEB1EC3AC6A00C9DD6E /* LaunchScreen.storyboard */,
				F0CF1EEE1EC3AC6A00C9DD6E /* Info.plist */,
			);
			path = "Swift App";
			sourceTree = "<group>";
		};
/* End PBXGroup section */

/* Begin PBXNativeTarget section */
		F0CF1EDE1EC3AC6A00C9DD6E /* Swift App */ = {
			isa = PBXNativeTarget;
			buildConfigurationList = F0CF1EF11EC3AC6A00C9DD6E /* Build configuration list for PBXNativeTarget "Swift App" */;
			buildPhases = (
				F0CF1EDB1EC3AC6A00C9DD6E /* Sources */,
				F0CF1EDC1EC3AC6A00C9DD6E /* Frameworks */,
				F0CF1EDD1EC3AC6A00C9DD6E /* Resources */,
			);
			buildRules = (
			);
			dependencies = (
			);
			name = "Swift App";
			productName = "Swift App";
			productReference = F0CF1EDF1EC3AC6A00C9DD6E /* Swift App.app */;
			productType = "com.apple.product-type.application";
		};
/* End PBXNativeTarget section */

/* Begin PBXProject section */
		F0CF1ED71EC3AC6A00C9DD6E /* Project object */ = {
			isa = PBXProject;
			attributes = {
				LastSwiftUpdateCheck = 0830;
				LastUpgradeCheck = 0830;
				ORGANIZATIONNAME = "Big Nerd Ranch";
				TargetAttributes = {
					F0CF1EDE1EC3AC6A00C9DD6E = {
						CreatedOnToolsVersion = 8.3.2;
						ProvisioningStyle = Automatic;
					};
				};
			};
			buildConfigurationList = F0CF1EDA1EC3AC6A00C9DD6E /* Build configuration list for PBXProject "Swift App" */;
			compatibilityVersion = "Xcode 3.2";
			developmentRegion = English;
			hasScannedForEncodings = 0;
			knownRegions = (
				en,
				Base,
			);
			mainGroup = F0CF1ED61EC3AC6A00C9DD6E;
			productRefGroup = F0CF1EE01EC3AC6A00C9DD6E /* Products */;
			projectDirPath = "";
			projectRoot = "";
			targets = (
				F0CF1EDE1EC3AC6A00C9DD6E /* Swift App */,
			);
		};
/* End PBXProject section */

/* Begin PBXResourcesBuildPhase section */
		F0CF1EDD1EC3AC6A00C9DD6E /* Resources */ = {
			isa = PBXResourcesBuildPhase;
			buildActionMask = 2147483647;
			files = (
				F0CF1EED1EC3AC6A00C9DD6E /* LaunchScreen.storyboard in Resources */,
				F0CF1EEA1EC3AC6A00C9DD6E /* Assets.xcassets in Resources */,
				F0CF1EE81EC3AC6A00C9DD6E /* Main.storyboard in Resources */,
			);
			runOnlyForDeploymentPostprocessing = 0;
		};
/* End PBXResourcesBuildPhase section */

/* Begin PBXSourcesBuildPhase section */
		F0CF1EDB1EC3AC6A00C9DD6E /* Sources */ = {
			isa = PBXSourcesBuildPhase;
			buildActionMask = 2147483647;
			files = (
				F0CF1EE51EC3AC6A00C9DD6E /* ViewController.swift in Sources */,
				F0CF1EE31EC3AC6A00C9DD6E /* AppDelegate.swift in Sources */,
			);
			runOnlyForDeploymentPostprocessing = 0;
		};
/* End PBXSourcesBuildPhase section */

/* Begin PBXVariantGroup section */
		F0CF1EE61EC3AC6A00C9DD6E /* Main.storyboard */ = {
			isa = PBXVariantGroup;
			children = (
				F0CF1EE71EC3AC6A00C9DD6E /* Base */,
			);
			name = Main.storyboard;
			sourceTree = "<group>";
		};
		F0CF1EEB1EC3AC6A00C9DD6E /* LaunchScreen.storyboard */ = {
			isa = PBXVariantGroup;
			children = (
				F0CF1EEC1EC3AC6A00C9DD6E /* Base */,
			);
			name = LaunchScreen.storyboard;
			sourceTree = "<group>";
		};
/* End PBXVariantGroup section */

/* Begin XCBuildConfiguration section */
		F0CF1EEF1EC3AC6A00C9DD6E /* Debug */ = {
			isa = XCBuildConfiguration;
			buildSettings = {
				ALWAYS_SEARCH_USER_PATHS = NO;
				CLANG_ANALYZER_NONNULL = YES;
				CLANG_ANALYZER_NUMBER_OBJECT_CONVERSION = YES_AGGRESSIVE;
				CLANG_CXX_LANGUAGE_STANDARD = "gnu++0x";
				CLANG_CXX_LIBRARY = "libc++";
				CLANG_ENABLE_MODULES = YES;
				CLANG_ENABLE_OBJC_ARC = YES;
				CLANG_WARN_BOOL_CONVERSION = YES;
				CLANG_WARN_CONSTANT_CONVERSION = YES;
				CLANG_WARN_DIRECT_OBJC_ISA_USAGE = YES_ERROR;
				CLANG_WARN_DOCUMENTATION_COMMENTS = YES;
				CLANG_WARN_EMPTY_BODY = YES;
				CLANG_WARN_ENUM_CONVERSION = YES;
				CLANG_WARN_INFINITE_RECURSION = YES;
				CLANG_WARN_INT_CONVERSION = YES;
				CLANG_WARN_OBJC_ROOT_CLASS = YES_ERROR;
				CLANG_WARN_SUSPICIOUS_MOVE = YES;
				CLANG_WARN_UNREACHABLE_CODE = YES;
				CLANG_WARN__DUPLICATE_METHOD_MATCH = YES;
				"CODE_SIGN_IDENTITY[sdk=iphoneos*]" = "iPhone Developer";
				COPY_PHASE_STRIP = NO;
				DEBUG_INFORMATION_FORMAT = dwarf;
				ENABLE_STRICT_OBJC_MSGSEND = YES;
				ENABLE_TESTABILITY = YES;
				GCC_C_LANGUAGE_STANDARD = gnu99;
				GCC_DYNAMIC_NO_PIC = NO;
				GCC_NO_COMMON_BLOCKS = YES;
				GCC_OPTIMIZATION_LEVEL = 0;
				GCC_PREPROCESSOR_DEFINITIONS = (
					"DEBUG=1",
					"$(inherited)",
				);
				GCC_WARN_64_TO_32_BIT_CONVERSION = YES;
				GCC_WARN_ABOUT_RETURN_TYPE = YES_ERROR;
				GCC_WARN_UNDECLARED_SELECTOR = YES;
				GCC_WARN_UNINITIALIZED_AUTOS = YES_AGGRESSIVE;
				GCC_WARN_UNUSED_FUNCTION = YES;
				GCC_WARN_UNUSED_VARIABLE = YES;
				IPHONEOS_DEPLOYMENT_TARGET = 10.3;
				MTL_ENABLE_DEBUG_INFO = YES;
				ONLY_ACTIVE_ARCH = YES;
				SDKROOT = iphoneos;
				SWIFT_ACTIVE_COMPILATION_CONDITIONS = DEBUG;
				SWIFT_OPTIMIZATION_LEVEL = "-Onone";
				TARGETED_DEVICE_FAMILY = "1,2";
			};
			name = Debug;
		};
		F0CF1EF01EC3AC6A00C9DD6E /* Release */ = {
			isa = XCBuildConfiguration;
			buildSettings = {
				ALWAYS_SEARCH_USER_PATHS = NO;
				CLANG_ANALYZER_NONNULL = YES;
				CLANG_ANALYZER_NUMBER_OBJECT_CONVERSION = YES_AGGRESSIVE;
				CLANG_CXX_LANGUAGE_STANDARD = "gnu++0x";
				CLANG_CXX_LIBRARY = "libc++";
				CLANG_ENABLE_MODULES = YES;
				CLANG_ENABLE_OBJC_ARC = YES;
				CLANG_WARN_BOOL_CONVERSION = YES;
				CLANG_WARN_CONSTANT_CONVERSION = YES;
				CLANG_WARN_DIRECT_OBJC_ISA_USAGE = YES_ERROR;
				CLANG_WARN_DOCUMENTATION_COMMENTS = YES;
				CLANG_WARN_EMPTY_BODY = YES;
				CLANG_WARN_ENUM_CONVERSION = YES;
				CLANG_WARN_INFINITE_RECURSION = YES;
				CLANG_WARN_INT_CONVERSION = YES;
				CLANG_WARN_OBJC_ROOT_CLASS = YES_ERROR;
				CLANG_WARN_SUSPICIOUS_MOVE = YES;
				CLANG_WARN_UNREACHABLE_CODE = YES;
				CLANG_WARN__DUPLICATE_METHOD_MATCH = YES;
				"CODE_SIGN_IDENTITY[sdk=iphoneos*]" = "iPhone Developer";
				COPY_PHASE_STRIP = NO;
				DEBUG_INFORMATION_FORMAT = "dwarf-with-dsym";
				ENABLE_NS_ASSERTIONS = NO;
				ENABLE_STRICT_OBJC_MSGSEND = YES;
				GCC_C_LANGUAGE_STANDARD = gnu99;
				GCC_NO_COMMON_BLOCKS = YES;
				GCC_WARN_64_TO_32_BIT_CONVERSION = YES;
				GCC_WARN_ABOUT_RETURN_TYPE = YES_ERROR;
				GCC_WARN_UNDECLARED_SELECTOR = YES;
				GCC_WARN_UNINITIALIZED_AUTOS = YES_AGGRESSIVE;
				GCC_WARN_UNUSED_FUNCTION = YES;
				GCC_WARN_UNUSED_VARIABLE = YES;
				IPHONEOS_DEPLOYMENT_TARGET = 10.3;
				MTL_ENABLE_DEBUG_INFO = NO;
				SDKROOT = iphoneos;
				SWIFT_OPTIMIZATION_LEVEL = "-Owholemodule";
				TARGETED_DEVICE_FAMILY = "1,2";
				VALIDATE_PRODUCT = YES;
			};
			name = Release;
		};
		F0CF1EF21EC3AC6A00C9DD6E /* Debug */ = {
			isa = XCBuildConfiguration;
			buildSettings = {
				ASSETCATALOG_COMPILER_APPICON_NAME = AppIcon;
				INFOPLIST_FILE = "Swift App/Info.plist";
				LD_RUNPATH_SEARCH_PATHS = "$(inherited) @executable_path/Frameworks";
				PRODUCT_BUNDLE_IDENTIFIER = "com.bignerdranch.Swift-App";
				PRODUCT_NAME = "$(TARGET_NAME)";
				SWIFT_VERSION = 3.0;
			};
			name = Debug;
		};
		F0CF1EF31EC3AC6A00C9DD6E /* Release */ = {
			isa = XCBuildConfiguration;
			buildSettings = {
				ASSETCATALOG_COMPILER_APPICON_NAME = AppIcon;
				INFOPLIST_FILE = "Swift App/Info.plist";
				LD_RUNPATH_SEARCH_PATHS = "$(inherited) @executable_path/Frameworks";
				PRODUCT_BUNDLE_IDENTIFIER = "com.bignerdranch.Swift-App";
				PRODUCT_NAME = "$(TARGET_NAME)";
				SWIFT_VERSION = 3.0;
			};
			name = Release;
		};
/* End XCBuildConfiguration section */

/* Begin XCConfigurationList section */
		F0CF1EDA1EC3AC6A00C9DD6E /* Build configuration list for PBXProject "Swift App" */ = {
			isa = XCConfigurationList;
			buildConfigurations = (
				F0CF1EEF1EC3AC6A00C9DD6E /* Debug */,
				F0CF1EF01EC3AC6A00C9DD6E /* Release */,
			);
			defaultConfigurationIsVisible = 0;
			defaultConfigurationName = Release;
		};
		F0CF1EF11EC3AC6A00C9DD6E /* Build configuration list for PBXNativeTarget "Swift App" */ = {
			isa = XCConfigurationList;
			buildConfigurations = (
				F0CF1EF21EC3AC6A00C9DD6E /* Debug */,
				F0CF1EF31EC3AC6A00C9DD6E /* Release */,
			);
			defaultConfigurationIsVisible = 0;
		};
/* End XCConfigurationList section */
	};
	rootObject = F0CF1ED71EC3AC6A00C9DD6E /* Project object */;
}
